
Microsoft Visual Studio Solution File, Format Version 12.00
# Visual Studio Version 17
VisualStudioVersion = 17.10.34928.147
MinimumVisualStudioVersion = 10.0.40219.1
Project("{9A19103F-16F7-4668-BE54-9A1E7A4F7556}") = "BT Vek Mechs", "BT Vek Mechs\BT Vek Mechs.csproj", "{B5B049EA-767E-403E-80CF-11CC0ADD7AF7}"
EndProject
Project("{2150E333-8FDC-42A3-9474-1A3956D46DE8}") = "Solution Items", "Solution Items", "{4193C504-FC97-4645-8F52-9B4A7949FEF0}"
	ProjectSection(SolutionItems) = preProject
		BT Vek Mechs\.editorconfig = BT Vek Mechs\.editorconfig
		.gitignore = .gitignore
		LICENSE = LICENSE
		Readme.md = Readme.md
	EndProjectSection
EndProject
Global
	GlobalSection(SolutionConfigurationPlatforms) = preSolution
		Debug|Any CPU = Debug|Any CPU
		Release|Any CPU = Release|Any CPU
	EndGlobalSection
	GlobalSection(ProjectConfigurationPlatforms) = postSolution
		{B5B049EA-767E-403E-80CF-11CC0ADD7AF7}.Debug|Any CPU.ActiveCfg = Debug|Any CPU
		{B5B049EA-767E-403E-80CF-11CC0ADD7AF7}.Debug|Any CPU.Build.0 = Debug|Any CPU
		{B5B049EA-767E-403E-80CF-11CC0ADD7AF7}.Release|Any CPU.ActiveCfg = Release|Any CPU
		{B5B049EA-767E-403E-80CF-11CC0ADD7AF7}.Release|Any CPU.Build.0 = Release|Any CPU
	EndGlobalSection
	GlobalSection(SolutionProperties) = preSolution
		HideSolutionNode = FALSE
	EndGlobalSection
	GlobalSection(ExtensibilityGlobals) = postSolution
		SolutionGuid = {1BAA4EE3-BCAD-409E-8272-0642D85E0794}
	EndGlobalSection
EndGlobal
